
Microsoft Visual Studio Solution File, Format Version 12.00
# Visual Studio Version 17
VisualStudioVersion = 17.2.32505.173
MinimumVisualStudioVersion = 10.0.40219.1
Project("{9A19103F-16F7-4668-BE54-9A1E7A4F7556}") = "Test3", "Test3\Test3.csproj", "{7CCCECED-A570-4D62-BD57-853730EED36C}"
EndProject
Project("{9A19103F-16F7-4668-BE54-9A1E7A4F7556}") = "Entidad", "Entidad\Entidad.csproj", "{4FCB290E-4AB8-4BD5-BECF-70A833C23541}"
EndProject
Project("{9A19103F-16F7-4668-BE54-9A1E7A4F7556}") = "Datos", "Datos\Datos.csproj", "{3782E4A6-A8B6-48B6-B8B3-57A8646B88AB}"
EndProject
Project("{FAE04EC0-301F-11D3-BF4B-00C04F79EFBC}") = "Logiica", "Logiica\Logiica.csproj", "{27B9FA9E-C122-4FB3-B77B-D1C262CD0236}"
EndProject
Global
	GlobalSection(SolutionConfigurationPlatforms) = preSolution
		Debug|Any CPU = Debug|Any CPU
		Release|Any CPU = Release|Any CPU
	EndGlobalSection
	GlobalSection(ProjectConfigurationPlatforms) = postSolution
		{7CCCECED-A570-4D62-BD57-853730EED36C}.Debug|Any CPU.ActiveCfg = Debug|Any CPU
		{7CCCECED-A570-4D62-BD57-853730EED36C}.Debug|Any CPU.Build.0 = Debug|Any CPU
		{7CCCECED-A570-4D62-BD57-853730EED36C}.Release|Any CPU.ActiveCfg = Release|Any CPU
		{7CCCECED-A570-4D62-BD57-853730EED36C}.Release|Any CPU.Build.0 = Release|Any CPU
		{4FCB290E-4AB8-4BD5-BECF-70A833C23541}.Debug|Any CPU.ActiveCfg = Debug|Any CPU
		{4FCB290E-4AB8-4BD5-BECF-70A833C23541}.Debug|Any CPU.Build.0 = Debug|Any CPU
		{4FCB290E-4AB8-4BD5-BECF-70A833C23541}.Release|Any CPU.ActiveCfg = Release|Any CPU
		{4FCB290E-4AB8-4BD5-BECF-70A833C23541}.Release|Any CPU.Build.0 = Release|Any CPU
		{3782E4A6-A8B6-48B6-B8B3-57A8646B88AB}.Debug|Any CPU.ActiveCfg = Debug|Any CPU
		{3782E4A6-A8B6-48B6-B8B3-57A8646B88AB}.Debug|Any CPU.Build.0 = Debug|Any CPU
		{3782E4A6-A8B6-48B6-B8B3-57A8646B88AB}.Release|Any CPU.ActiveCfg = Release|Any CPU
		{3782E4A6-A8B6-48B6-B8B3-57A8646B88AB}.Release|Any CPU.Build.0 = Release|Any CPU
		{27B9FA9E-C122-4FB3-B77B-D1C262CD0236}.Debug|Any CPU.ActiveCfg = Debug|Any CPU
		{27B9FA9E-C122-4FB3-B77B-D1C262CD0236}.Debug|Any CPU.Build.0 = Debug|Any CPU
		{27B9FA9E-C122-4FB3-B77B-D1C262CD0236}.Release|Any CPU.ActiveCfg = Release|Any CPU
		{27B9FA9E-C122-4FB3-B77B-D1C262CD0236}.Release|Any CPU.Build.0 = Release|Any CPU
	EndGlobalSection
	GlobalSection(SolutionProperties) = preSolution
		HideSolutionNode = FALSE
	EndGlobalSection
	GlobalSection(ExtensibilityGlobals) = postSolution
		SolutionGuid = {E1D42526-6A5E-480F-9BF7-6BF801A7CA84}
	EndGlobalSection
EndGlobal
